
Microsoft Visual Studio Solution File, Format Version 12.00
# Visual Studio Version 17
VisualStudioVersion = 17.5.33530.505
MinimumVisualStudioVersion = 10.0.40219.1
Project("{9A19103F-16F7-4668-BE54-9A1E7A4F7556}") = "Sprachfeatures", "Sprachfeatures\Sprachfeatures.csproj", "{BB49789C-5ABE-4F52-B74C-4634A6476106}"
EndProject
Project("{9A19103F-16F7-4668-BE54-9A1E7A4F7556}") = "TopLevelStatements", "TopLevelStatements\TopLevelStatements.csproj", "{705A68A6-9127-471C-8040-737CA11A7DCE}"
EndProject
Project("{9A19103F-16F7-4668-BE54-9A1E7A4F7556}") = "DelegatesEvents", "DelegatesEvents\DelegatesEvents.csproj", "{38E2BA03-9CD6-4144-8AA2-B78421F905EB}"
EndProject
Project("{9A19103F-16F7-4668-BE54-9A1E7A4F7556}") = "Generics", "Generics\Generics.csproj", "{13F3CE93-D3E6-4C26-A164-8663CE7324B0}"
EndProject
Project("{9A19103F-16F7-4668-BE54-9A1E7A4F7556}") = "Serialisierung", "Serialisierung\Serialisierung.csproj", "{B1844B30-72EC-405D-A03C-A92683C3B323}"
EndProject
Project("{9A19103F-16F7-4668-BE54-9A1E7A4F7556}") = "Multithreading", "Multithreading\Multithreading.csproj", "{BF911BDB-DE9B-4B14-B9F6-74CBFB0DADD5}"
EndProject
Project("{9A19103F-16F7-4668-BE54-9A1E7A4F7556}") = "Multitasking", "Multitasking\Multitasking.csproj", "{B6DF5459-2620-463C-92CD-9C1D4EEECC25}"
EndProject
Project("{FAE04EC0-301F-11D3-BF4B-00C04F79EFBC}") = "AsyncAwait", "AsyncAwait\AsyncAwait.csproj", "{F3686603-C879-4404-A1A3-74874CE3CE45}"
EndProject
Project("{FAE04EC0-301F-11D3-BF4B-00C04F79EFBC}") = "AsyncAwaitWPF", "AsyncAwaitWPF\AsyncAwaitWPF.csproj", "{06A9EC15-8EB1-4BA4-8AB4-04C91BE71136}"
EndProject
Global
	GlobalSection(SolutionConfigurationPlatforms) = preSolution
		Debug|Any CPU = Debug|Any CPU
		Release|Any CPU = Release|Any CPU
	EndGlobalSection
	GlobalSection(ProjectConfigurationPlatforms) = postSolution
		{BB49789C-5ABE-4F52-B74C-4634A6476106}.Debug|Any CPU.ActiveCfg = Debug|Any CPU
		{BB49789C-5ABE-4F52-B74C-4634A6476106}.Debug|Any CPU.Build.0 = Debug|Any CPU
		{BB49789C-5ABE-4F52-B74C-4634A6476106}.Release|Any CPU.ActiveCfg = Release|Any CPU
		{BB49789C-5ABE-4F52-B74C-4634A6476106}.Release|Any CPU.Build.0 = Release|Any CPU
		{705A68A6-9127-471C-8040-737CA11A7DCE}.Debug|Any CPU.ActiveCfg = Debug|Any CPU
		{705A68A6-9127-471C-8040-737CA11A7DCE}.Debug|Any CPU.Build.0 = Debug|Any CPU
		{705A68A6-9127-471C-8040-737CA11A7DCE}.Release|Any CPU.ActiveCfg = Release|Any CPU
		{705A68A6-9127-471C-8040-737CA11A7DCE}.Release|Any CPU.Build.0 = Release|Any CPU
		{38E2BA03-9CD6-4144-8AA2-B78421F905EB}.Debug|Any CPU.ActiveCfg = Debug|Any CPU
		{38E2BA03-9CD6-4144-8AA2-B78421F905EB}.Debug|Any CPU.Build.0 = Debug|Any CPU
		{38E2BA03-9CD6-4144-8AA2-B78421F905EB}.Release|Any CPU.ActiveCfg = Release|Any CPU
		{38E2BA03-9CD6-4144-8AA2-B78421F905EB}.Release|Any CPU.Build.0 = Release|Any CPU
		{13F3CE93-D3E6-4C26-A164-8663CE7324B0}.Debug|Any CPU.ActiveCfg = Debug|Any CPU
		{13F3CE93-D3E6-4C26-A164-8663CE7324B0}.Debug|Any CPU.Build.0 = Debug|Any CPU
		{13F3CE93-D3E6-4C26-A164-8663CE7324B0}.Release|Any CPU.ActiveCfg = Release|Any CPU
		{13F3CE93-D3E6-4C26-A164-8663CE7324B0}.Release|Any CPU.Build.0 = Release|Any CPU
		{B1844B30-72EC-405D-A03C-A92683C3B323}.Debug|Any CPU.ActiveCfg = Debug|Any CPU
		{B1844B30-72EC-405D-A03C-A92683C3B323}.Debug|Any CPU.Build.0 = Debug|Any CPU
		{B1844B30-72EC-405D-A03C-A92683C3B323}.Release|Any CPU.ActiveCfg = Release|Any CPU
		{B1844B30-72EC-405D-A03C-A92683C3B323}.Release|Any CPU.Build.0 = Release|Any CPU
		{BF911BDB-DE9B-4B14-B9F6-74CBFB0DADD5}.Debug|Any CPU.ActiveCfg = Debug|Any CPU
		{BF911BDB-DE9B-4B14-B9F6-74CBFB0DADD5}.Debug|Any CPU.Build.0 = Debug|Any CPU
		{BF911BDB-DE9B-4B14-B9F6-74CBFB0DADD5}.Release|Any CPU.ActiveCfg = Release|Any CPU
		{BF911BDB-DE9B-4B14-B9F6-74CBFB0DADD5}.Release|Any CPU.Build.0 = Release|Any CPU
		{B6DF5459-2620-463C-92CD-9C1D4EEECC25}.Debug|Any CPU.ActiveCfg = Debug|Any CPU
		{B6DF5459-2620-463C-92CD-9C1D4EEECC25}.Debug|Any CPU.Build.0 = Debug|Any CPU
		{B6DF5459-2620-463C-92CD-9C1D4EEECC25}.Release|Any CPU.ActiveCfg = Release|Any CPU
		{B6DF5459-2620-463C-92CD-9C1D4EEECC25}.Release|Any CPU.Build.0 = Release|Any CPU
		{F3686603-C879-4404-A1A3-74874CE3CE45}.Debug|Any CPU.ActiveCfg = Debug|Any CPU
		{F3686603-C879-4404-A1A3-74874CE3CE45}.Debug|Any CPU.Build.0 = Debug|Any CPU
		{F3686603-C879-4404-A1A3-74874CE3CE45}.Release|Any CPU.ActiveCfg = Release|Any CPU
		{F3686603-C879-4404-A1A3-74874CE3CE45}.Release|Any CPU.Build.0 = Release|Any CPU
		{06A9EC15-8EB1-4BA4-8AB4-04C91BE71136}.Debug|Any CPU.ActiveCfg = Debug|Any CPU
		{06A9EC15-8EB1-4BA4-8AB4-04C91BE71136}.Debug|Any CPU.Build.0 = Debug|Any CPU
		{06A9EC15-8EB1-4BA4-8AB4-04C91BE71136}.Release|Any CPU.ActiveCfg = Release|Any CPU
		{06A9EC15-8EB1-4BA4-8AB4-04C91BE71136}.Release|Any CPU.Build.0 = Release|Any CPU
	EndGlobalSection
	GlobalSection(SolutionProperties) = preSolution
		HideSolutionNode = FALSE
	EndGlobalSection
	GlobalSection(ExtensibilityGlobals) = postSolution
		SolutionGuid = {C8FF1C49-93D8-4DD9-A4B1-B253EDB85A2D}
	EndGlobalSection
EndGlobal
